
Microsoft Visual Studio Solution File, Format Version 12.00
Project("{FAE04EC0-301F-11D3-BF4B-00C04F79EFBC}") = "A_CSharpCourse", "A_CSharpCourse\A_CSharpCourse.csproj", "{A972E198-6B83-4A0C-8742-396F4027DC3B}"
EndProject
Project("{FAE04EC0-301F-11D3-BF4B-00C04F79EFBC}") = "B_ControlFlow", "B_ControlFlow\B_ControlFlow.csproj", "{F673C23A-952E-4804-9384-3A2FBA7AA1C7}"
EndProject
Project("{FAE04EC0-301F-11D3-BF4B-00C04F79EFBC}") = "C_ArraysCollections", "C_ArraysCollections\C_ArraysCollections.csproj", "{84ECF3C1-EE99-41F8-81F2-CF572A483104}"
EndProject
Project("{FAE04EC0-301F-11D3-BF4B-00C04F79EFBC}") = "E_Exceptions", "E_Exceptions\E_Exceptions.csproj", "{DA42866A-E47E-4558-A5FD-A31E4B46682B}"
EndProject
Project("{FAE04EC0-301F-11D3-BF4B-00C04F79EFBC}") = "D_OOP", "D_OOP\D_OOP.csproj", "{F2B8522C-5E44-41AE-84FA-CB03C94A0AD3}"
EndProject
Global
	GlobalSection(SolutionConfigurationPlatforms) = preSolution
		Debug|Any CPU = Debug|Any CPU
		Release|Any CPU = Release|Any CPU
	EndGlobalSection
	GlobalSection(ProjectConfigurationPlatforms) = postSolution
		{A972E198-6B83-4A0C-8742-396F4027DC3B}.Debug|Any CPU.ActiveCfg = Debug|Any CPU
		{A972E198-6B83-4A0C-8742-396F4027DC3B}.Debug|Any CPU.Build.0 = Debug|Any CPU
		{A972E198-6B83-4A0C-8742-396F4027DC3B}.Release|Any CPU.ActiveCfg = Release|Any CPU
		{A972E198-6B83-4A0C-8742-396F4027DC3B}.Release|Any CPU.Build.0 = Release|Any CPU
		{F673C23A-952E-4804-9384-3A2FBA7AA1C7}.Debug|Any CPU.ActiveCfg = Debug|Any CPU
		{F673C23A-952E-4804-9384-3A2FBA7AA1C7}.Debug|Any CPU.Build.0 = Debug|Any CPU
		{F673C23A-952E-4804-9384-3A2FBA7AA1C7}.Release|Any CPU.ActiveCfg = Release|Any CPU
		{F673C23A-952E-4804-9384-3A2FBA7AA1C7}.Release|Any CPU.Build.0 = Release|Any CPU
		{84ECF3C1-EE99-41F8-81F2-CF572A483104}.Debug|Any CPU.ActiveCfg = Debug|Any CPU
		{84ECF3C1-EE99-41F8-81F2-CF572A483104}.Debug|Any CPU.Build.0 = Debug|Any CPU
		{84ECF3C1-EE99-41F8-81F2-CF572A483104}.Release|Any CPU.ActiveCfg = Release|Any CPU
		{84ECF3C1-EE99-41F8-81F2-CF572A483104}.Release|Any CPU.Build.0 = Release|Any CPU
		{DA42866A-E47E-4558-A5FD-A31E4B46682B}.Debug|Any CPU.ActiveCfg = Debug|Any CPU
		{DA42866A-E47E-4558-A5FD-A31E4B46682B}.Debug|Any CPU.Build.0 = Debug|Any CPU
		{DA42866A-E47E-4558-A5FD-A31E4B46682B}.Release|Any CPU.ActiveCfg = Release|Any CPU
		{DA42866A-E47E-4558-A5FD-A31E4B46682B}.Release|Any CPU.Build.0 = Release|Any CPU
		{F2B8522C-5E44-41AE-84FA-CB03C94A0AD3}.Debug|Any CPU.ActiveCfg = Debug|Any CPU
		{F2B8522C-5E44-41AE-84FA-CB03C94A0AD3}.Debug|Any CPU.Build.0 = Debug|Any CPU
		{F2B8522C-5E44-41AE-84FA-CB03C94A0AD3}.Release|Any CPU.ActiveCfg = Release|Any CPU
		{F2B8522C-5E44-41AE-84FA-CB03C94A0AD3}.Release|Any CPU.Build.0 = Release|Any CPU
	EndGlobalSection
EndGlobal
