
Microsoft Visual Studio Solution File, Format Version 12.00
Project("{FAE04EC0-301F-11D3-BF4B-00C04F79EFBC}") = "A_CSharpCourse", "A_CSharpCourse\A_CSharpCourse.csproj", "{A972E198-6B83-4A0C-8742-396F4027DC3B}"
EndProject
Project("{FAE04EC0-301F-11D3-BF4B-00C04F79EFBC}") = "B_ControlFlow", "B_ControlFlow\B_ControlFlow.csproj", "{F673C23A-952E-4804-9384-3A2FBA7AA1C7}"
EndProject
Global
	GlobalSection(SolutionConfigurationPlatforms) = preSolution
		Debug|Any CPU = Debug|Any CPU
		Release|Any CPU = Release|Any CPU
	EndGlobalSection
	GlobalSection(ProjectConfigurationPlatforms) = postSolution
		{A972E198-6B83-4A0C-8742-396F4027DC3B}.Debug|Any CPU.ActiveCfg = Debug|Any CPU
		{A972E198-6B83-4A0C-8742-396F4027DC3B}.Debug|Any CPU.Build.0 = Debug|Any CPU
		{A972E198-6B83-4A0C-8742-396F4027DC3B}.Release|Any CPU.ActiveCfg = Release|Any CPU
		{A972E198-6B83-4A0C-8742-396F4027DC3B}.Release|Any CPU.Build.0 = Release|Any CPU
		{F673C23A-952E-4804-9384-3A2FBA7AA1C7}.Debug|Any CPU.ActiveCfg = Debug|Any CPU
		{F673C23A-952E-4804-9384-3A2FBA7AA1C7}.Debug|Any CPU.Build.0 = Debug|Any CPU
		{F673C23A-952E-4804-9384-3A2FBA7AA1C7}.Release|Any CPU.ActiveCfg = Release|Any CPU
		{F673C23A-952E-4804-9384-3A2FBA7AA1C7}.Release|Any CPU.Build.0 = Release|Any CPU
	EndGlobalSection
EndGlobal
